
Microsoft Visual Studio Solution File, Format Version 12.00
# Visual Studio Version 16
VisualStudioVersion = 16.0.29905.134
MinimumVisualStudioVersion = 10.0.40219.1
Project("{9A19103F-16F7-4668-BE54-9A1E7A4F7556}") = "RabbiBot_Backend", "RabbiBot_Backend.csproj", "{47BC52C6-B039-492B-AF52-6B2134353E33}"
EndProject
Project("{9A19103F-16F7-4668-BE54-9A1E7A4F7556}") = "Common", "..\Common\Common.csproj", "{7474BE8A-2107-4D5C-A4A7-BB790210CE56}"
EndProject
Project("{9A19103F-16F7-4668-BE54-9A1E7A4F7556}") = "Server", "..\Server\Server.csproj", "{7429BD57-FF0B-45D4-A7D2-25B9EE49126C}"
EndProject
Project("{9A19103F-16F7-4668-BE54-9A1E7A4F7556}") = "Entity", "..\Entity\Entity.csproj", "{31100B6E-EA29-4382-AB2B-36EB2D717415}"
EndProject
Global
	GlobalSection(SolutionConfigurationPlatforms) = preSolution
		Debug|Any CPU = Debug|Any CPU
		Release|Any CPU = Release|Any CPU
	EndGlobalSection
	GlobalSection(ProjectConfigurationPlatforms) = postSolution
		{47BC52C6-B039-492B-AF52-6B2134353E33}.Debug|Any CPU.ActiveCfg = Debug|Any CPU
		{47BC52C6-B039-492B-AF52-6B2134353E33}.Debug|Any CPU.Build.0 = Debug|Any CPU
		{47BC52C6-B039-492B-AF52-6B2134353E33}.Release|Any CPU.ActiveCfg = Release|Any CPU
		{47BC52C6-B039-492B-AF52-6B2134353E33}.Release|Any CPU.Build.0 = Release|Any CPU
		{7474BE8A-2107-4D5C-A4A7-BB790210CE56}.Debug|Any CPU.ActiveCfg = Debug|Any CPU
		{7474BE8A-2107-4D5C-A4A7-BB790210CE56}.Debug|Any CPU.Build.0 = Debug|Any CPU
		{7474BE8A-2107-4D5C-A4A7-BB790210CE56}.Release|Any CPU.ActiveCfg = Release|Any CPU
		{7474BE8A-2107-4D5C-A4A7-BB790210CE56}.Release|Any CPU.Build.0 = Release|Any CPU
		{7429BD57-FF0B-45D4-A7D2-25B9EE49126C}.Debug|Any CPU.ActiveCfg = Debug|Any CPU
		{7429BD57-FF0B-45D4-A7D2-25B9EE49126C}.Debug|Any CPU.Build.0 = Debug|Any CPU
		{7429BD57-FF0B-45D4-A7D2-25B9EE49126C}.Release|Any CPU.ActiveCfg = Release|Any CPU
		{7429BD57-FF0B-45D4-A7D2-25B9EE49126C}.Release|Any CPU.Build.0 = Release|Any CPU
		{31100B6E-EA29-4382-AB2B-36EB2D717415}.Debug|Any CPU.ActiveCfg = Debug|Any CPU
		{31100B6E-EA29-4382-AB2B-36EB2D717415}.Debug|Any CPU.Build.0 = Debug|Any CPU
		{31100B6E-EA29-4382-AB2B-36EB2D717415}.Release|Any CPU.ActiveCfg = Release|Any CPU
		{31100B6E-EA29-4382-AB2B-36EB2D717415}.Release|Any CPU.Build.0 = Release|Any CPU
	EndGlobalSection
	GlobalSection(SolutionProperties) = preSolution
		HideSolutionNode = FALSE
	EndGlobalSection
	GlobalSection(ExtensibilityGlobals) = postSolution
		SolutionGuid = {232C47B4-D57C-41A9-9F0B-FF5BA36D44CD}
	EndGlobalSection
EndGlobal
